
Microsoft Visual Studio Solution File, Format Version 12.00
# Visual Studio Version 16
VisualStudioVersion = 16.0.30225.117
MinimumVisualStudioVersion = 10.0.40219.1
Project("{FAE04EC0-301F-11D3-BF4B-00C04F79EFBC}") = "PyramidChallenge", "PyramidChallenge\PyramidChallenge.csproj", "{993655D7-10B8-4DCF-8FCB-E06886178D03}"
EndProject
Project("{FAE04EC0-301F-11D3-BF4B-00C04F79EFBC}") = "PyramidChallenge.Test", "PyramidChallenge.Test\PyramidChallenge.Test.csproj", "{C8E61709-1033-4F6A-85B8-9FB04B400879}"
EndProject
Global
	GlobalSection(SolutionConfigurationPlatforms) = preSolution
		Debug|Any CPU = Debug|Any CPU
		Release|Any CPU = Release|Any CPU
	EndGlobalSection
	GlobalSection(ProjectConfigurationPlatforms) = postSolution
		{993655D7-10B8-4DCF-8FCB-E06886178D03}.Debug|Any CPU.ActiveCfg = Debug|Any CPU
		{993655D7-10B8-4DCF-8FCB-E06886178D03}.Debug|Any CPU.Build.0 = Debug|Any CPU
		{993655D7-10B8-4DCF-8FCB-E06886178D03}.Release|Any CPU.ActiveCfg = Release|Any CPU
		{993655D7-10B8-4DCF-8FCB-E06886178D03}.Release|Any CPU.Build.0 = Release|Any CPU
		{C8E61709-1033-4F6A-85B8-9FB04B400879}.Debug|Any CPU.ActiveCfg = Debug|Any CPU
		{C8E61709-1033-4F6A-85B8-9FB04B400879}.Debug|Any CPU.Build.0 = Debug|Any CPU
		{C8E61709-1033-4F6A-85B8-9FB04B400879}.Release|Any CPU.ActiveCfg = Release|Any CPU
		{C8E61709-1033-4F6A-85B8-9FB04B400879}.Release|Any CPU.Build.0 = Release|Any CPU
	EndGlobalSection
	GlobalSection(SolutionProperties) = preSolution
		HideSolutionNode = FALSE
	EndGlobalSection
	GlobalSection(ExtensibilityGlobals) = postSolution
		SolutionGuid = {B0457AAF-AB6F-4B0B-A331-8F60AF50BD52}
	EndGlobalSection
EndGlobal
